
Microsoft Visual Studio Solution File, Format Version 12.00
# Visual Studio Version 17
VisualStudioVersion = 17.5.002.0
MinimumVisualStudioVersion = 10.0.40219.1
Project("{9A19103F-16F7-4668-BE54-9A1E7A4F7556}") = "Flow_ATM", "Flow_ATM.csproj", "{F2EFAD46-2998-4163-AE11-57D0BFBFB944}"
EndProject
Global
	GlobalSection(SolutionConfigurationPlatforms) = preSolution
		Debug|Any CPU = Debug|Any CPU
		Release|Any CPU = Release|Any CPU
	EndGlobalSection
	GlobalSection(ProjectConfigurationPlatforms) = postSolution
		{F2EFAD46-2998-4163-AE11-57D0BFBFB944}.Debug|Any CPU.ActiveCfg = Debug|Any CPU
		{F2EFAD46-2998-4163-AE11-57D0BFBFB944}.Debug|Any CPU.Build.0 = Debug|Any CPU
		{F2EFAD46-2998-4163-AE11-57D0BFBFB944}.Release|Any CPU.ActiveCfg = Release|Any CPU
		{F2EFAD46-2998-4163-AE11-57D0BFBFB944}.Release|Any CPU.Build.0 = Release|Any CPU
	EndGlobalSection
	GlobalSection(SolutionProperties) = preSolution
		HideSolutionNode = FALSE
	EndGlobalSection
	GlobalSection(ExtensibilityGlobals) = postSolution
		SolutionGuid = {5F11690E-1561-4677-B057-BF32923A874B}
	EndGlobalSection
EndGlobal
